
Microsoft Visual Studio Solution File, Format Version 12.00
# Visual Studio Version 17
VisualStudioVersion = 17.8.34408.163
MinimumVisualStudioVersion = 10.0.40219.1
Project("{FAE04EC0-301F-11D3-BF4B-00C04F79EFBC}") = "ConsoleApp1", "ConsoleApp1.csproj", "{80895088-6DD4-4E2D-837D-39617E5E9255}"
EndProject
Global
	GlobalSection(SolutionConfigurationPlatforms) = preSolution
		Debug|Any CPU = Debug|Any CPU
		Release|Any CPU = Release|Any CPU
	EndGlobalSection
	GlobalSection(ProjectConfigurationPlatforms) = postSolution
		{80895088-6DD4-4E2D-837D-39617E5E9255}.Debug|Any CPU.ActiveCfg = Debug|Any CPU
		{80895088-6DD4-4E2D-837D-39617E5E9255}.Debug|Any CPU.Build.0 = Debug|Any CPU
		{80895088-6DD4-4E2D-837D-39617E5E9255}.Release|Any CPU.ActiveCfg = Release|Any CPU
		{80895088-6DD4-4E2D-837D-39617E5E9255}.Release|Any CPU.Build.0 = Release|Any CPU
	EndGlobalSection
	GlobalSection(SolutionProperties) = preSolution
		HideSolutionNode = FALSE
	EndGlobalSection
	GlobalSection(ExtensibilityGlobals) = postSolution
		SolutionGuid = {437B8EC1-71DB-4F4F-8AA7-E077F1D9D6EC}
	EndGlobalSection
EndGlobal
